
Microsoft Visual Studio Solution File, Format Version 12.00
Project("{FAE04EC0-301F-11D3-BF4B-00C04F79EFBC}") = "GitHub Releases Downloader", "GitHub Releases Downloader\GitHub Releases Downloader.csproj", "{24000B88-99EA-406B-8778-B9F6DBBF7CC6}"
EndProject
Global
	GlobalSection(SolutionConfigurationPlatforms) = preSolution
		Debug|Any CPU = Debug|Any CPU
		Release|Any CPU = Release|Any CPU
	EndGlobalSection
	GlobalSection(ProjectConfigurationPlatforms) = postSolution
		{24000B88-99EA-406B-8778-B9F6DBBF7CC6}.Debug|Any CPU.ActiveCfg = Debug|Any CPU
		{24000B88-99EA-406B-8778-B9F6DBBF7CC6}.Debug|Any CPU.Build.0 = Debug|Any CPU
		{24000B88-99EA-406B-8778-B9F6DBBF7CC6}.Release|Any CPU.ActiveCfg = Release|Any CPU
		{24000B88-99EA-406B-8778-B9F6DBBF7CC6}.Release|Any CPU.Build.0 = Release|Any CPU
	EndGlobalSection
EndGlobal
